
Microsoft Visual Studio Solution File, Format Version 12.00
# Visual Studio Version 17
VisualStudioVersion = 17.0.31912.275
MinimumVisualStudioVersion = 10.0.40219.1
Project("{9A19103F-16F7-4668-BE54-9A1E7A4F7556}") = "CSMAPI", "CSMAPI\CSMAPI.csproj", "{5C5CC0FC-0218-4000-ADCD-9C2CFBC474AD}"
EndProject
Project("{9A19103F-16F7-4668-BE54-9A1E7A4F7556}") = "DataObjects", "DataObjects\DataObjects.csproj", "{7BA1597B-C893-4831-A198-2F2E1CFCEB43}"
EndProject
Project("{9A19103F-16F7-4668-BE54-9A1E7A4F7556}") = "CSMUI", "CSMUI\CSMUI.csproj", "{687AA5BE-0B1A-49C7-B40C-81DD1866FA5D}"
EndProject
Global
	GlobalSection(SolutionConfigurationPlatforms) = preSolution
		Debug|Any CPU = Debug|Any CPU
		Release|Any CPU = Release|Any CPU
	EndGlobalSection
	GlobalSection(ProjectConfigurationPlatforms) = postSolution
		{5C5CC0FC-0218-4000-ADCD-9C2CFBC474AD}.Debug|Any CPU.ActiveCfg = Debug|Any CPU
		{5C5CC0FC-0218-4000-ADCD-9C2CFBC474AD}.Debug|Any CPU.Build.0 = Debug|Any CPU
		{5C5CC0FC-0218-4000-ADCD-9C2CFBC474AD}.Release|Any CPU.ActiveCfg = Release|Any CPU
		{5C5CC0FC-0218-4000-ADCD-9C2CFBC474AD}.Release|Any CPU.Build.0 = Release|Any CPU
		{7BA1597B-C893-4831-A198-2F2E1CFCEB43}.Debug|Any CPU.ActiveCfg = Debug|Any CPU
		{7BA1597B-C893-4831-A198-2F2E1CFCEB43}.Debug|Any CPU.Build.0 = Debug|Any CPU
		{7BA1597B-C893-4831-A198-2F2E1CFCEB43}.Release|Any CPU.ActiveCfg = Release|Any CPU
		{7BA1597B-C893-4831-A198-2F2E1CFCEB43}.Release|Any CPU.Build.0 = Release|Any CPU
		{687AA5BE-0B1A-49C7-B40C-81DD1866FA5D}.Debug|Any CPU.ActiveCfg = Debug|Any CPU
		{687AA5BE-0B1A-49C7-B40C-81DD1866FA5D}.Debug|Any CPU.Build.0 = Debug|Any CPU
		{687AA5BE-0B1A-49C7-B40C-81DD1866FA5D}.Release|Any CPU.ActiveCfg = Release|Any CPU
		{687AA5BE-0B1A-49C7-B40C-81DD1866FA5D}.Release|Any CPU.Build.0 = Release|Any CPU
	EndGlobalSection
	GlobalSection(SolutionProperties) = preSolution
		HideSolutionNode = FALSE
	EndGlobalSection
	GlobalSection(ExtensibilityGlobals) = postSolution
		SolutionGuid = {7D43F9FE-0249-4F36-BADE-68FB82C0D901}
	EndGlobalSection
EndGlobal
